// !$*UTF8*$!
{
	archiveVersion = 1;
	classes = {
	};
	objectVersion = 50;
	objects = {

/* Begin PBXBuildFile section */
		18E2EF1521197658005276A5 /* AppDelegate.swift in Sources */ = {isa = PBXBuildFile; fileRef = 18E2EF1421197658005276A5 /* AppDelegate.swift */; };
		18E2EF1721197658005276A5 /* ViewController.swift in Sources */ = {isa = PBXBuildFile; fileRef = 18E2EF1621197658005276A5 /* ViewController.swift */; };
		18E2EF1A21197658005276A5 /* Main.storyboard in Resources */ = {isa = PBXBuildFile; fileRef = 18E2EF1821197658005276A5 /* Main.storyboard */; };
		18E2EF1C2119765E005276A5 /* Assets.xcassets in Resources */ = {isa = PBXBuildFile; fileRef = 18E2EF1B2119765E005276A5 /* Assets.xcassets */; };
		18E2EF1F2119765E005276A5 /* LaunchScreen.storyboard in Resources */ = {isa = PBXBuildFile; fileRef = 18E2EF1D2119765E005276A5 /* LaunchScreen.storyboard */; };
		18E2EF2A2119765F005276A5 /* PickerViewSaiTests.swift in Sources */ = {isa = PBXBuildFile; fileRef = 18E2EF292119765F005276A5 /* PickerViewSaiTests.swift */; };
		18E2EF352119765F005276A5 /* PickerViewSaiUITests.swift in Sources */ = {isa = PBXBuildFile; fileRef = 18E2EF342119765F005276A5 /* PickerViewSaiUITests.swift */; };
		621FECD2A84DE0D3E959E0BE /* Pods_PickerViewSaiTests.framework in Frameworks */ = {isa = PBXBuildFile; fileRef = D4A8E2A8966B79E7010A3C9C /* Pods_PickerViewSaiTests.framework */; };
		67D6DF8696F93AF363C4A71F /* Pods_PickerViewSai.framework in Frameworks */ = {isa = PBXBuildFile; fileRef = CA1691F6119475AF9D8D21E0 /* Pods_PickerViewSai.framework */; };
		B583D7B5640316381F4A2326 /* Pods_PickerViewSaiUITests.framework in Frameworks */ = {isa = PBXBuildFile; fileRef = 9EE823DDB8C25DCED795367F /* Pods_PickerViewSaiUITests.framework */; };
/* End PBXBuildFile section */

/* Begin PBXContainerItemProxy section */
		18E2EF262119765F005276A5 /* PBXContainerItemProxy */ = {
			isa = PBXContainerItemProxy;
			containerPortal = 18E2EF0921197658005276A5 /* Project object */;
			proxyType = 1;
			remoteGlobalIDString = 18E2EF1021197658005276A5;
			remoteInfo = PickerViewSai;
		};
		18E2EF312119765F005276A5 /* PBXContainerItemProxy */ = {
			isa = PBXContainerItemProxy;
			containerPortal = 18E2EF0921197658005276A5 /* Project object */;
			proxyType = 1;
			remoteGlobalIDString = 18E2EF1021197658005276A5;
			remoteInfo = PickerViewSai;
		};
/* End PBXContainerItemProxy section */

/* Begin PBXFileReference section */
		18E2EF1121197658005276A5 /* PickerViewSai.app */ = {isa = PBXFileReference; explicitFileType = wrapper.application; includeInIndex = 0; path = PickerViewSai.app; sourceTree = BUILT_PRODUCTS_DIR; };
		18E2EF1421197658005276A5 /* AppDelegate.swift */ = {isa = PBXFileReference; lastKnownFileType = sourcecode.swift; path = AppDelegate.swift; sourceTree = "<group>"; };
		18E2EF1621197658005276A5 /* ViewController.swift */ = {isa = PBXFileReference; lastKnownFileType = sourcecode.swift; path = ViewController.swift; sourceTree = "<group>"; };
		18E2EF1921197658005276A5 /* Base */ = {isa = PBXFileReference; lastKnownFileType = file.storyboard; name = Base; path = Base.lproj/Main.storyboard; sourceTree = "<group>"; };
		18E2EF1B2119765E005276A5 /* Assets.xcassets */ = {isa = PBXFileReference; lastKnownFileType = folder.assetcatalog; path = Assets.xcassets; sourceTree = "<group>"; };
		18E2EF1E2119765E005276A5 /* Base */ = {isa = PBXFileReference; lastKnownFileType = file.storyboard; name = Base; path = Base.lproj/LaunchScreen.storyboard; sourceTree = "<group>"; };
		18E2EF202119765E005276A5 /* Info.plist */ = {isa = PBXFileReference; lastKnownFileType = text.plist.xml; path = Info.plist; sourceTree = "<group>"; };
		18E2EF252119765F005276A5 /* PickerViewSaiTests.xctest */ = {isa = PBXFileReference; explicitFileType = wrapper.cfbundle; includeInIndex = 0; path = PickerViewSaiTests.xctest; sourceTree = BUILT_PRODUCTS_DIR; };
		18E2EF292119765F005276A5 /* PickerViewSaiTests.swift */ = {isa = PBXFileReference; lastKnownFileType = sourcecode.swift; path = PickerViewSaiTests.swift; sourceTree = "<group>"; };
		18E2EF2B2119765F005276A5 /* Info.plist */ = {isa = PBXFileReference; lastKnownFileType = text.plist.xml; path = Info.plist; sourceTree = "<group>"; };
		18E2EF302119765F005276A5 /* PickerViewSaiUITests.xctest */ = {isa = PBXFileReference; explicitFileType = wrapper.cfbundle; includeInIndex = 0; path = PickerViewSaiUITests.xctest; sourceTree = BUILT_PRODUCTS_DIR; };
		18E2EF342119765F005276A5 /* PickerViewSaiUITests.swift */ = {isa = PBXFileReference; lastKnownFileType = sourcecode.swift; path = PickerViewSaiUITests.swift; sourceTree = "<group>"; };
		18E2EF362119765F005276A5 /* Info.plist */ = {isa = PBXFileReference; lastKnownFileType = text.plist.xml; path = Info.plist; sourceTree = "<group>"; };
		1A99C10589205E6757ED601E /* Pods-PickerViewSaiTests.release.xcconfig */ = {isa = PBXFileReference; includeInIndex = 1; lastKnownFileType = text.xcconfig; name = "Pods-PickerViewSaiTests.release.xcconfig"; path = "Pods/Target Support Files/Pods-PickerViewSaiTests/Pods-PickerViewSaiTests.release.xcconfig"; sourceTree = "<group>"; };
		234482FE6EB82C366B1A8CE3 /* Pods-PickerViewSaiUITests.release.xcconfig */ = {isa = PBXFileReference; includeInIndex = 1; lastKnownFileType = text.xcconfig; name = "Pods-PickerViewSaiUITests.release.xcconfig"; path = "Pods/Target Support Files/Pods-PickerViewSaiUITests/Pods-PickerViewSaiUITests.release.xcconfig"; sourceTree = "<group>"; };
		47C29C87DEEFD0FBAF282542 /* Pods-PickerViewSaiUITests.debug.xcconfig */ = {isa = PBXFileReference; includeInIndex = 1; lastKnownFileType = text.xcconfig; name = "Pods-PickerViewSaiUITests.debug.xcconfig"; path = "Pods/Target Support Files/Pods-PickerViewSaiUITests/Pods-PickerViewSaiUITests.debug.xcconfig"; sourceTree = "<group>"; };
		481928BEECFD1495B449BF0C /* Pods-PickerViewSai.debug.xcconfig */ = {isa = PBXFileReference; includeInIndex = 1; lastKnownFileType = text.xcconfig; name = "Pods-PickerViewSai.debug.xcconfig"; path = "Pods/Target Support Files/Pods-PickerViewSai/Pods-PickerViewSai.debug.xcconfig"; sourceTree = "<group>"; };
		9047BF7F872D14F4C7C7EE78 /* Pods-PickerViewSai.release.xcconfig */ = {isa = PBXFileReference; includeInIndex = 1; lastKnownFileType = text.xcconfig; name = "Pods-PickerViewSai.release.xcconfig"; path = "Pods/Target Support Files/Pods-PickerViewSai/Pods-PickerViewSai.release.xcconfig"; sourceTree = "<group>"; };
		9EE823DDB8C25DCED795367F /* Pods_PickerViewSaiUITests.framework */ = {isa = PBXFileReference; explicitFileType = wrapper.framework; includeInIndex = 0; path = Pods_PickerViewSaiUITests.framework; sourceTree = BUILT_PRODUCTS_DIR; };
		BDFEB6C5237C3E579A33B2B2 /* Pods-PickerViewSaiTests.debug.xcconfig */ = {isa = PBXFileReference; includeInIndex = 1; lastKnownFileType = text.xcconfig; name = "Pods-PickerViewSaiTests.debug.xcconfig"; path = "Pods/Target Support Files/Pods-PickerViewSaiTests/Pods-PickerViewSaiTests.debug.xcconfig"; sourceTree = "<group>"; };
		CA1691F6119475AF9D8D21E0 /* Pods_PickerViewSai.framework */ = {isa = PBXFileReference; explicitFileType = wrapper.framework; includeInIndex = 0; path = Pods_PickerViewSai.framework; sourceTree = BUILT_PRODUCTS_DIR; };
		D4A8E2A8966B79E7010A3C9C /* Pods_PickerViewSaiTests.framework */ = {isa = PBXFileReference; explicitFileType = wrapper.framework; includeInIndex = 0; path = Pods_PickerViewSaiTests.framework; sourceTree = BUILT_PRODUCTS_DIR; };
/* End PBXFileReference section */

/* Begin PBXFrameworksBuildPhase section */
		18E2EF0E21197658005276A5 /* Frameworks */ = {
			isa = PBXFrameworksBuildPhase;
			buildActionMask = 2147483647;
			files = (
				67D6DF8696F93AF363C4A71F /* Pods_PickerViewSai.framework in Frameworks */,
			);
			runOnlyForDeploymentPostprocessing = 0;
		};
		18E2EF222119765F005276A5 /* Frameworks */ = {
			isa = PBXFrameworksBuildPhase;
			buildActionMask = 2147483647;
			files = (
				621FECD2A84DE0D3E959E0BE /* Pods_PickerViewSaiTests.framework in Frameworks */,
			);
			runOnlyForDeploymentPostprocessing = 0;
		};
		18E2EF2D2119765F005276A5 /* Frameworks */ = {
			isa = PBXFrameworksBuildPhase;
			buildActionMask = 2147483647;
			files = (
				B583D7B5640316381F4A2326 /* Pods_PickerViewSaiUITests.framework in Frameworks */,
			);
			runOnlyForDeploymentPostprocessing = 0;
		};
/* End PBXFrameworksBuildPhase section */

/* Begin PBXGroup section */
		18E2EF0821197658005276A5 = {
			isa = PBXGroup;
			children = (
				18E2EF1321197658005276A5 /* PickerViewSai */,
				18E2EF282119765F005276A5 /* PickerViewSaiTests */,
				18E2EF332119765F005276A5 /* PickerViewSaiUITests */,
				18E2EF1221197658005276A5 /* Products */,
				EAF0EFA58DF9482CB39EEDC7 /* Pods */,
				95C7B42E5A0A587FA6E05B1E /* Frameworks */,
			);
			sourceTree = "<group>";
		};
		18E2EF1221197658005276A5 /* Products */ = {
			isa = PBXGroup;
			children = (
				18E2EF1121197658005276A5 /* PickerViewSai.app */,
				18E2EF252119765F005276A5 /* PickerViewSaiTests.xctest */,
				18E2EF302119765F005276A5 /* PickerViewSaiUITests.xctest */,
			);
			name = Products;
			sourceTree = "<group>";
		};
		18E2EF1321197658005276A5 /* PickerViewSai */ = {
			isa = PBXGroup;
			children = (
				18E2EF1421197658005276A5 /* AppDelegate.swift */,
				18E2EF1621197658005276A5 /* ViewController.swift */,
				18E2EF1821197658005276A5 /* Main.storyboard */,
				18E2EF1B2119765E005276A5 /* Assets.xcassets */,
				18E2EF1D2119765E005276A5 /* LaunchScreen.storyboard */,
				18E2EF202119765E005276A5 /* Info.plist */,
			);
			path = PickerViewSai;
			sourceTree = "<group>";
		};
		18E2EF282119765F005276A5 /* PickerViewSaiTests */ = {
			isa = PBXGroup;
			children = (
				18E2EF292119765F005276A5 /* PickerViewSaiTests.swift */,
				18E2EF2B2119765F005276A5 /* Info.plist */,
			);
			path = PickerViewSaiTests;
			sourceTree = "<group>";
		};
		18E2EF332119765F005276A5 /* PickerViewSaiUITests */ = {
			isa = PBXGroup;
			children = (
				18E2EF342119765F005276A5 /* PickerViewSaiUITests.swift */,
				18E2EF362119765F005276A5 /* Info.plist */,
			);
			path = PickerViewSaiUITests;
			sourceTree = "<group>";
		};
		95C7B42E5A0A587FA6E05B1E /* Frameworks */ = {
			isa = PBXGroup;
			children = (
				CA1691F6119475AF9D8D21E0 /* Pods_PickerViewSai.framework */,
				D4A8E2A8966B79E7010A3C9C /* Pods_PickerViewSaiTests.framework */,
				9EE823DDB8C25DCED795367F /* Pods_PickerViewSaiUITests.framework */,
			);
			name = Frameworks;
			sourceTree = "<group>";
		};
		EAF0EFA58DF9482CB39EEDC7 /* Pods */ = {
			isa = PBXGroup;
			children = (
				481928BEECFD1495B449BF0C /* Pods-PickerViewSai.debug.xcconfig */,
				9047BF7F872D14F4C7C7EE78 /* Pods-PickerViewSai.release.xcconfig */,
				BDFEB6C5237C3E579A33B2B2 /* Pods-PickerViewSaiTests.debug.xcconfig */,
				1A99C10589205E6757ED601E /* Pods-PickerViewSaiTests.release.xcconfig */,
				47C29C87DEEFD0FBAF282542 /* Pods-PickerViewSaiUITests.debug.xcconfig */,
				234482FE6EB82C366B1A8CE3 /* Pods-PickerViewSaiUITests.release.xcconfig */,
			);
			name = Pods;
			sourceTree = "<group>";
		};
/* End PBXGroup section */

/* Begin PBXNativeTarget section */
		18E2EF1021197658005276A5 /* PickerViewSai */ = {
			isa = PBXNativeTarget;
			buildConfigurationList = 18E2EF392119765F005276A5 /* Build configuration list for PBXNativeTarget "PickerViewSai" */;
			buildPhases = (
				BE10040E5A5735706CE2AE6D /* [CP] Check Pods Manifest.lock */,
				18E2EF0D21197658005276A5 /* Sources */,
				18E2EF0E21197658005276A5 /* Frameworks */,
				18E2EF0F21197658005276A5 /* Resources */,
				F74BE91960E9C0C3454D14FB /* [CP] Embed Pods Frameworks */,
				752B145B01F2F0789D5E41F2 /* [CP] Copy Pods Resources */,
			);
			buildRules = (
			);
			dependencies = (
			);
			name = PickerViewSai;
			productName = PickerViewSai;
			productReference = 18E2EF1121197658005276A5 /* PickerViewSai.app */;
			productType = "com.apple.product-type.application";
		};
		18E2EF242119765F005276A5 /* PickerViewSaiTests */ = {
			isa = PBXNativeTarget;
			buildConfigurationList = 18E2EF3C2119765F005276A5 /* Build configuration list for PBXNativeTarget "PickerViewSaiTests" */;
			buildPhases = (
				0B7E0BB64786313F8638C69B /* [CP] Check Pods Manifest.lock */,
				18E2EF212119765F005276A5 /* Sources */,
				18E2EF222119765F005276A5 /* Frameworks */,
				18E2EF232119765F005276A5 /* Resources */,
				E416227AB8A93E2EF8F9E566 /* [CP] Embed Pods Frameworks */,
				55CB8B954E12634D4615CA20 /* [CP] Copy Pods Resources */,
			);
			buildRules = (
			);
			dependencies = (
				18E2EF272119765F005276A5 /* PBXTargetDependency */,
			);
			name = PickerViewSaiTests;
			productName = PickerViewSaiTests;
			productReference = 18E2EF252119765F005276A5 /* PickerViewSaiTests.xctest */;
			productType = "com.apple.product-type.bundle.unit-test";
		};
		18E2EF2F2119765F005276A5 /* PickerViewSaiUITests */ = {
			isa = PBXNativeTarget;
			buildConfigurationList = 18E2EF3F2119765F005276A5 /* Build configuration list for PBXNativeTarget "PickerViewSaiUITests" */;
			buildPhases = (
				DCC055FA46333F08A881B40F /* [CP] Check Pods Manifest.lock */,
				18E2EF2C2119765F005276A5 /* Sources */,
				18E2EF2D2119765F005276A5 /* Frameworks */,
				18E2EF2E2119765F005276A5 /* Resources */,
				B1310384EFD13E627D869BCC /* [CP] Embed Pods Frameworks */,
				32B59BE6F0347381E379727B /* [CP] Copy Pods Resources */,
			);
			buildRules = (
			);
			dependencies = (
				18E2EF322119765F005276A5 /* PBXTargetDependency */,
			);
			name = PickerViewSaiUITests;
			productName = PickerViewSaiUITests;
			productReference = 18E2EF302119765F005276A5 /* PickerViewSaiUITests.xctest */;
			productType = "com.apple.product-type.bundle.ui-testing";
		};
/* End PBXNativeTarget section */

/* Begin PBXProject section */
		18E2EF0921197658005276A5 /* Project object */ = {
			isa = PBXProject;
			attributes = {
				LastSwiftUpdateCheck = 0940;
				LastUpgradeCheck = 0940;
				ORGANIZATIONNAME = apple;
				TargetAttributes = {
					18E2EF1021197658005276A5 = {
						CreatedOnToolsVersion = 9.4.1;
					};
					18E2EF242119765F005276A5 = {
						CreatedOnToolsVersion = 9.4.1;
						TestTargetID = 18E2EF1021197658005276A5;
					};
					18E2EF2F2119765F005276A5 = {
						CreatedOnToolsVersion = 9.4.1;
						TestTargetID = 18E2EF1021197658005276A5;
					};
				};
			};
			buildConfigurationList = 18E2EF0C21197658005276A5 /* Build configuration list for PBXProject "PickerViewSai" */;
			compatibilityVersion = "Xcode 9.3";
			developmentRegion = en;
			hasScannedForEncodings = 0;
			knownRegions = (
				en,
				Base,
			);
			mainGroup = 18E2EF0821197658005276A5;
			productRefGroup = 18E2EF1221197658005276A5 /* Products */;
			projectDirPath = "";
			projectRoot = "";
			targets = (
				18E2EF1021197658005276A5 /* PickerViewSai */,
				18E2EF242119765F005276A5 /* PickerViewSaiTests */,
				18E2EF2F2119765F005276A5 /* PickerViewSaiUITests */,
			);
		};
/* End PBXProject section */

/* Begin PBXResourcesBuildPhase section */
		18E2EF0F21197658005276A5 /* Resources */ = {
			isa = PBXResourcesBuildPhase;
			buildActionMask = 2147483647;
			files = (
				18E2EF1F2119765E005276A5 /* LaunchScreen.storyboard in Resources */,
				18E2EF1C2119765E005276A5 /* Assets.xcassets in Resources */,
				18E2EF1A21197658005276A5 /* Main.storyboard in Resources */,
			);
			runOnlyForDeploymentPostprocessing = 0;
		};
		18E2EF232119765F005276A5 /* Resources */ = {
			isa = PBXResourcesBuildPhase;
			buildActionMask = 2147483647;
			files = (
			);
			runOnlyForDeploymentPostprocessing = 0;
		};
		18E2EF2E2119765F005276A5 /* Resources */ = {
			isa = PBXResourcesBuildPhase;
			buildActionMask = 2147483647;
			files = (
			);
			runOnlyForDeploymentPostprocessing = 0;
		};
/* End PBXResourcesBuildPhase section */

/* Begin PBXShellScriptBuildPhase section */
		0B7E0BB64786313F8638C69B /* [CP] Check Pods Manifest.lock */ = {
			isa = PBXShellScriptBuildPhase;
			buildActionMask = 2147483647;
			files = (
			);
			inputPaths = (
				"${PODS_PODFILE_DIR_PATH}/Podfile.lock",
				"${PODS_ROOT}/Manifest.lock",
			);
			name = "[CP] Check Pods Manifest.lock";
			outputPaths = (
				"$(DERIVED_FILE_DIR)/Pods-PickerViewSaiTests-checkManifestLockResult.txt",
			);
			runOnlyForDeploymentPostprocessing = 0;
			shellPath = /bin/sh;
			shellScript = "diff \"${PODS_PODFILE_DIR_PATH}/Podfile.lock\" \"${PODS_ROOT}/Manifest.lock\" > /dev/null\nif [ $? != 0 ] ; then\n    # print error to STDERR\n    echo \"error: The sandbox is not in sync with the Podfile.lock. Run 'pod install' or update your CocoaPods installation.\" >&2\n    exit 1\nfi\n# This output is used by Xcode 'outputs' to avoid re-running this script phase.\necho \"SUCCESS\" > \"${SCRIPT_OUTPUT_FILE_0}\"\n";
			showEnvVarsInLog = 0;
		};
		32B59BE6F0347381E379727B /* [CP] Copy Pods Resources */ = {
			isa = PBXShellScriptBuildPhase;
			buildActionMask = 2147483647;
			files = (
			);
			inputPaths = (
			);
			name = "[CP] Copy Pods Resources";
			outputPaths = (
			);
			runOnlyForDeploymentPostprocessing = 0;
			shellPath = /bin/sh;
			shellScript = "\"${SRCROOT}/Pods/Target Support Files/Pods-PickerViewSaiUITests/Pods-PickerViewSaiUITests-resources.sh\"\n";
			showEnvVarsInLog = 0;
		};
		55CB8B954E12634D4615CA20 /* [CP] Copy Pods Resources */ = {
			isa = PBXShellScriptBuildPhase;
			buildActionMask = 2147483647;
			files = (
			);
			inputPaths = (
			);
			name = "[CP] Copy Pods Resources";
			outputPaths = (
			);
			runOnlyForDeploymentPostprocessing = 0;
			shellPath = /bin/sh;
			shellScript = "\"${SRCROOT}/Pods/Target Support Files/Pods-PickerViewSaiTests/Pods-PickerViewSaiTests-resources.sh\"\n";
			showEnvVarsInLog = 0;
		};
		752B145B01F2F0789D5E41F2 /* [CP] Copy Pods Resources */ = {
			isa = PBXShellScriptBuildPhase;
			buildActionMask = 2147483647;
			files = (
			);
			inputPaths = (
			);
			name = "[CP] Copy Pods Resources";
			outputPaths = (
			);
			runOnlyForDeploymentPostprocessing = 0;
			shellPath = /bin/sh;
			shellScript = "\"${SRCROOT}/Pods/Target Support Files/Pods-PickerViewSai/Pods-PickerViewSai-resources.sh\"\n";
			showEnvVarsInLog = 0;
		};
		B1310384EFD13E627D869BCC /* [CP] Embed Pods Frameworks */ = {
			isa = PBXShellScriptBuildPhase;
			buildActionMask = 2147483647;
			files = (
			);
			inputPaths = (
			);
			name = "[CP] Embed Pods Frameworks";
			outputPaths = (
			);
			runOnlyForDeploymentPostprocessing = 0;
			shellPath = /bin/sh;
			shellScript = "\"${SRCROOT}/Pods/Target Support Files/Pods-PickerViewSaiUITests/Pods-PickerViewSaiUITests-frameworks.sh\"\n";
			showEnvVarsInLog = 0;
		};
		BE10040E5A5735706CE2AE6D /* [CP] Check Pods Manifest.lock */ = {
			isa = PBXShellScriptBuildPhase;
			buildActionMask = 2147483647;
			files = (
			);
			inputPaths = (
				"${PODS_PODFILE_DIR_PATH}/Podfile.lock",
				"${PODS_ROOT}/Manifest.lock",
			);
			name = "[CP] Check Pods Manifest.lock";
			outputPaths = (
				"$(DERIVED_FILE_DIR)/Pods-PickerViewSai-checkManifestLockResult.txt",
			);
			runOnlyForDeploymentPostprocessing = 0;
			shellPath = /bin/sh;
			shellScript = "diff \"${PODS_PODFILE_DIR_PATH}/Podfile.lock\" \"${PODS_ROOT}/Manifest.lock\" > /dev/null\nif [ $? != 0 ] ; then\n    # print error to STDERR\n    echo \"error: The sandbox is not in sync with the Podfile.lock. Run 'pod install' or update your CocoaPods installation.\" >&2\n    exit 1\nfi\n# This output is used by Xcode 'outputs' to avoid re-running this script phase.\necho \"SUCCESS\" > \"${SCRIPT_OUTPUT_FILE_0}\"\n";
			showEnvVarsInLog = 0;
		};
		DCC055FA46333F08A881B40F /* [CP] Check Pods Manifest.lock */ = {
			isa = PBXShellScriptBuildPhase;
			buildActionMask = 2147483647;
			files = (
			);
			inputPaths = (
				"${PODS_PODFILE_DIR_PATH}/Podfile.lock",
				"${PODS_ROOT}/Manifest.lock",
			);
			name = "[CP] Check Pods Manifest.lock";
			outputPaths = (
				"$(DERIVED_FILE_DIR)/Pods-PickerViewSaiUITests-checkManifestLockResult.txt",
			);
			runOnlyForDeploymentPostprocessing = 0;
			shellPath = /bin/sh;
			shellScript = "diff \"${PODS_PODFILE_DIR_PATH}/Podfile.lock\" \"${PODS_ROOT}/Manifest.lock\" > /dev/null\nif [ $? != 0 ] ; then\n    # print error to STDERR\n    echo \"error: The sandbox is not in sync with the Podfile.lock. Run 'pod install' or update your CocoaPods installation.\" >&2\n    exit 1\nfi\n# This output is used by Xcode 'outputs' to avoid re-running this script phase.\necho \"SUCCESS\" > \"${SCRIPT_OUTPUT_FILE_0}\"\n";
			showEnvVarsInLog = 0;
		};
		E416227AB8A93E2EF8F9E566 /* [CP] Embed Pods Frameworks */ = {
			isa = PBXShellScriptBuildPhase;
			buildActionMask = 2147483647;
			files = (
			);
			inputPaths = (
			);
			name = "[CP] Embed Pods Frameworks";
			outputPaths = (
			);
			runOnlyForDeploymentPostprocessing = 0;
			shellPath = /bin/sh;
			shellScript = "\"${SRCROOT}/Pods/Target Support Files/Pods-PickerViewSaiTests/Pods-PickerViewSaiTests-frameworks.sh\"\n";
			showEnvVarsInLog = 0;
		};
		F74BE91960E9C0C3454D14FB /* [CP] Embed Pods Frameworks */ = {
			isa = PBXShellScriptBuildPhase;
			buildActionMask = 2147483647;
			files = (
			);
			inputPaths = (
				"${SRCROOT}/Pods/Target Support Files/Pods-PickerViewSai/Pods-PickerViewSai-frameworks.sh",
				"${BUILT_PRODUCTS_DIR}/APJTextPickerView/APJTextPickerView.framework",
			);
			name = "[CP] Embed Pods Frameworks";
			outputPaths = (
				"${TARGET_BUILD_DIR}/${FRAMEWORKS_FOLDER_PATH}/APJTextPickerView.framework",
			);
			runOnlyForDeploymentPostprocessing = 0;
			shellPath = /bin/sh;
			shellScript = "\"${SRCROOT}/Pods/Target Support Files/Pods-PickerViewSai/Pods-PickerViewSai-frameworks.sh\"\n";
			showEnvVarsInLog = 0;
		};
/* End PBXShellScriptBuildPhase section */

/* Begin PBXSourcesBuildPhase section */
		18E2EF0D21197658005276A5 /* Sources */ = {
			isa = PBXSourcesBuildPhase;
			buildActionMask = 2147483647;
			files = (
				18E2EF1721197658005276A5 /* ViewController.swift in Sources */,
				18E2EF1521197658005276A5 /* AppDelegate.swift in Sources */,
			);
			runOnlyForDeploymentPostprocessing = 0;
		};
		18E2EF212119765F005276A5 /* Sources */ = {
			isa = PBXSourcesBuildPhase;
			buildActionMask = 2147483647;
			files = (
				18E2EF2A2119765F005276A5 /* PickerViewSaiTests.swift in Sources */,
			);
			runOnlyForDeploymentPostprocessing = 0;
		};
		18E2EF2C2119765F005276A5 /* Sources */ = {
			isa = PBXSourcesBuildPhase;
			buildActionMask = 2147483647;
			files = (
				18E2EF352119765F005276A5 /* PickerViewSaiUITests.swift in Sources */,
			);
			runOnlyForDeploymentPostprocessing = 0;
		};
/* End PBXSourcesBuildPhase section */

/* Begin PBXTargetDependency section */
		18E2EF272119765F005276A5 /* PBXTargetDependency */ = {
			isa = PBXTargetDependency;
			target = 18E2EF1021197658005276A5 /* PickerViewSai */;
			targetProxy = 18E2EF262119765F005276A5 /* PBXContainerItemProxy */;
		};
		18E2EF322119765F005276A5 /* PBXTargetDependency */ = {
			isa = PBXTargetDependency;
			target = 18E2EF1021197658005276A5 /* PickerViewSai */;
			targetProxy = 18E2EF312119765F005276A5 /* PBXContainerItemProxy */;
		};
/* End PBXTargetDependency section */

/* Begin PBXVariantGroup section */
		18E2EF1821197658005276A5 /* Main.storyboard */ = {
			isa = PBXVariantGroup;
			children = (
				18E2EF1921197658005276A5 /* Base */,
			);
			name = Main.storyboard;
			sourceTree = "<group>";
		};
		18E2EF1D2119765E005276A5 /* LaunchScreen.storyboard */ = {
			isa = PBXVariantGroup;
			children = (
				18E2EF1E2119765E005276A5 /* Base */,
			);
			name = LaunchScreen.storyboard;
			sourceTree = "<group>";
		};
/* End PBXVariantGroup section */

/* Begin XCBuildConfiguration section */
		18E2EF372119765F005276A5 /* Debug */ = {
			isa = XCBuildConfiguration;
			buildSettings = {
				ALWAYS_SEARCH_USER_PATHS = NO;
				CLANG_ANALYZER_NONNULL = YES;
				CLANG_ANALYZER_NUMBER_OBJECT_CONVERSION = YES_AGGRESSIVE;
				CLANG_CXX_LANGUAGE_STANDARD = "gnu++14";
				CLANG_CXX_LIBRARY = "libc++";
				CLANG_ENABLE_MODULES = YES;
				CLANG_ENABLE_OBJC_ARC = YES;
				CLANG_ENABLE_OBJC_WEAK = YES;
				CLANG_WARN_BLOCK_CAPTURE_AUTORELEASING = YES;
				CLANG_WARN_BOOL_CONVERSION = YES;
				CLANG_WARN_COMMA = YES;
				CLANG_WARN_CONSTANT_CONVERSION = YES;
				CLANG_WARN_DEPRECATED_OBJC_IMPLEMENTATIONS = YES;
				CLANG_WARN_DIRECT_OBJC_ISA_USAGE = YES_ERROR;
				CLANG_WARN_DOCUMENTATION_COMMENTS = YES;
				CLANG_WARN_EMPTY_BODY = YES;
				CLANG_WARN_ENUM_CONVERSION = YES;
				CLANG_WARN_INFINITE_RECURSION = YES;
				CLANG_WARN_INT_CONVERSION = YES;
				CLANG_WARN_NON_LITERAL_NULL_CONVERSION = YES;
				CLANG_WARN_OBJC_IMPLICIT_RETAIN_SELF = YES;
				CLANG_WARN_OBJC_LITERAL_CONVERSION = YES;
				CLANG_WARN_OBJC_ROOT_CLASS = YES_ERROR;
				CLANG_WARN_RANGE_LOOP_ANALYSIS = YES;
				CLANG_WARN_STRICT_PROTOTYPES = YES;
				CLANG_WARN_SUSPICIOUS_MOVE = YES;
				CLANG_WARN_UNGUARDED_AVAILABILITY = YES_AGGRESSIVE;
				CLANG_WARN_UNREACHABLE_CODE = YES;
				CLANG_WARN__DUPLICATE_METHOD_MATCH = YES;
				CODE_SIGN_IDENTITY = "iPhone Developer";
				COPY_PHASE_STRIP = NO;
				DEBUG_INFORMATION_FORMAT = dwarf;
				ENABLE_STRICT_OBJC_MSGSEND = YES;
				ENABLE_TESTABILITY = YES;
				GCC_C_LANGUAGE_STANDARD = gnu11;
				GCC_DYNAMIC_NO_PIC = NO;
				GCC_NO_COMMON_BLOCKS = YES;
				GCC_OPTIMIZATION_LEVEL = 0;
				GCC_PREPROCESSOR_DEFINITIONS = (
					"DEBUG=1",
					"$(inherited)",
				);
				GCC_WARN_64_TO_32_BIT_CONVERSION = YES;
				GCC_WARN_ABOUT_RETURN_TYPE = YES_ERROR;
				GCC_WARN_UNDECLARED_SELECTOR = YES;
				GCC_WARN_UNINITIALIZED_AUTOS = YES_AGGRESSIVE;
				GCC_WARN_UNUSED_FUNCTION = YES;
				GCC_WARN_UNUSED_VARIABLE = YES;
				IPHONEOS_DEPLOYMENT_TARGET = 11.4;
				MTL_ENABLE_DEBUG_INFO = YES;
				ONLY_ACTIVE_ARCH = YES;
				SDKROOT = iphoneos;
				SWIFT_ACTIVE_COMPILATION_CONDITIONS = DEBUG;
				SWIFT_OPTIMIZATION_LEVEL = "-Onone";
			};
			name = Debug;
		};
		18E2EF382119765F005276A5 /* Release */ = {
			isa = XCBuildConfiguration;
			buildSettings = {
				ALWAYS_SEARCH_USER_PATHS = NO;
				CLANG_ANALYZER_NONNULL = YES;
				CLANG_ANALYZER_NUMBER_OBJECT_CONVERSION = YES_AGGRESSIVE;
				CLANG_CXX_LANGUAGE_STANDARD = "gnu++14";
				CLANG_CXX_LIBRARY = "libc++";
				CLANG_ENABLE_MODULES = YES;
				CLANG_ENABLE_OBJC_ARC = YES;
				CLANG_ENABLE_OBJC_WEAK = YES;
				CLANG_WARN_BLOCK_CAPTURE_AUTORELEASING = YES;
				CLANG_WARN_BOOL_CONVERSION = YES;
				CLANG_WARN_COMMA = YES;
				CLANG_WARN_CONSTANT_CONVERSION = YES;
				CLANG_WARN_DEPRECATED_OBJC_IMPLEMENTATIONS = YES;
				CLANG_WARN_DIRECT_OBJC_ISA_USAGE = YES_ERROR;
				CLANG_WARN_DOCUMENTATION_COMMENTS = YES;
				CLANG_WARN_EMPTY_BODY = YES;
				CLANG_WARN_ENUM_CONVERSION = YES;
				CLANG_WARN_INFINITE_RECURSION = YES;
				CLANG_WARN_INT_CONVERSION = YES;
				CLANG_WARN_NON_LITERAL_NULL_CONVERSION = YES;
				CLANG_WARN_OBJC_IMPLICIT_RETAIN_SELF = YES;
				CLANG_WARN_OBJC_LITERAL_CONVERSION = YES;
				CLANG_WARN_OBJC_ROOT_CLASS = YES_ERROR;
				CLANG_WARN_RANGE_LOOP_ANALYSIS = YES;
				CLANG_WARN_STRICT_PROTOTYPES = YES;
				CLANG_WARN_SUSPICIOUS_MOVE = YES;
				CLANG_WARN_UNGUARDED_AVAILABILITY = YES_AGGRESSIVE;
				CLANG_WARN_UNREACHABLE_CODE = YES;
				CLANG_WARN__DUPLICATE_METHOD_MATCH = YES;
				CODE_SIGN_IDENTITY = "iPhone Developer";
				COPY_PHASE_STRIP = NO;
				DEBUG_INFORMATION_FORMAT = "dwarf-with-dsym";
				ENABLE_NS_ASSERTIONS = NO;
				ENABLE_STRICT_OBJC_MSGSEND = YES;
				GCC_C_LANGUAGE_STANDARD = gnu11;
				GCC_NO_COMMON_BLOCKS = YES;
				GCC_WARN_64_TO_32_BIT_CONVERSION = YES;
				GCC_WARN_ABOUT_RETURN_TYPE = YES_ERROR;
				GCC_WARN_UNDECLARED_SELECTOR = YES;
				GCC_WARN_UNINITIALIZED_AUTOS = YES_AGGRESSIVE;
				GCC_WARN_UNUSED_FUNCTION = YES;
				GCC_WARN_UNUSED_VARIABLE = YES;
				IPHONEOS_DEPLOYMENT_TARGET = 11.4;
				MTL_ENABLE_DEBUG_INFO = NO;
				SDKROOT = iphoneos;
				SWIFT_COMPILATION_MODE = wholemodule;
				SWIFT_OPTIMIZATION_LEVEL = "-O";
				VALIDATE_PRODUCT = YES;
			};
			name = Release;
		};
		18E2EF3A2119765F005276A5 /* Debug */ = {
			isa = XCBuildConfiguration;
			baseConfigurationReference = 481928BEECFD1495B449BF0C /* Pods-PickerViewSai.debug.xcconfig */;
			buildSettings = {
				ASSETCATALOG_COMPILER_APPICON_NAME = AppIcon;
				CODE_SIGN_STYLE = Automatic;
				DEVELOPMENT_TEAM = 3ZV75ZGJ8B;
				INFOPLIST_FILE = PickerViewSai/Info.plist;
				LD_RUNPATH_SEARCH_PATHS = "$(inherited) @executable_path/Frameworks";
				PRODUCT_BUNDLE_IDENTIFIER = com.valuelabs.PickerViewSai;
				PRODUCT_NAME = "$(TARGET_NAME)";
				SWIFT_VERSION = 4.0;
				TARGETED_DEVICE_FAMILY = "1,2";
			};
			name = Debug;
		};
		18E2EF3B2119765F005276A5 /* Release */ = {
			isa = XCBuildConfiguration;
			baseConfigurationReference = 9047BF7F872D14F4C7C7EE78 /* Pods-PickerViewSai.release.xcconfig */;
			buildSettings = {
				ASSETCATALOG_COMPILER_APPICON_NAME = AppIcon;
				CODE_SIGN_STYLE = Automatic;
				DEVELOPMENT_TEAM = 3ZV75ZGJ8B;
				INFOPLIST_FILE = PickerViewSai/Info.plist;
				LD_RUNPATH_SEARCH_PATHS = "$(inherited) @executable_path/Frameworks";
				PRODUCT_BUNDLE_IDENTIFIER = com.valuelabs.PickerViewSai;
				PRODUCT_NAME = "$(TARGET_NAME)";
				SWIFT_VERSION = 4.0;
				TARGETED_DEVICE_FAMILY = "1,2";
			};
			name = Release;
		};
		18E2EF3D2119765F005276A5 /* Debug */ = {
			isa = XCBuildConfiguration;
			baseConfigurationReference = BDFEB6C5237C3E579A33B2B2 /* Pods-PickerViewSaiTests.debug.xcconfig */;
			buildSettings = {
				ALWAYS_EMBED_SWIFT_STANDARD_LIBRARIES = YES;
				BUNDLE_LOADER = "$(TEST_HOST)";
				CODE_SIGN_STYLE = Automatic;
				INFOPLIST_FILE = PickerViewSaiTests/Info.plist;
				LD_RUNPATH_SEARCH_PATHS = "$(inherited) @executable_path/Frameworks @loader_path/Frameworks";
				PRODUCT_BUNDLE_IDENTIFIER = com.valuelabs.PickerViewSaiTests;
				PRODUCT_NAME = "$(TARGET_NAME)";
				SWIFT_VERSION = 4.0;
				TARGETED_DEVICE_FAMILY = "1,2";
				TEST_HOST = "$(BUILT_PRODUCTS_DIR)/PickerViewSai.app/PickerViewSai";
			};
			name = Debug;
		};
		18E2EF3E2119765F005276A5 /* Release */ = {
			isa = XCBuildConfiguration;
			baseConfigurationReference = 1A99C10589205E6757ED601E /* Pods-PickerViewSaiTests.release.xcconfig */;
			buildSettings = {
				ALWAYS_EMBED_SWIFT_STANDARD_LIBRARIES = YES;
				BUNDLE_LOADER = "$(TEST_HOST)";
				CODE_SIGN_STYLE = Automatic;
				INFOPLIST_FILE = PickerViewSaiTests/Info.plist;
				LD_RUNPATH_SEARCH_PATHS = "$(inherited) @executable_path/Frameworks @loader_path/Frameworks";
				PRODUCT_BUNDLE_IDENTIFIER = com.valuelabs.PickerViewSaiTests;
				PRODUCT_NAME = "$(TARGET_NAME)";
				SWIFT_VERSION = 4.0;
				TARGETED_DEVICE_FAMILY = "1,2";
				TEST_HOST = "$(BUILT_PRODUCTS_DIR)/PickerViewSai.app/PickerViewSai";
			};
			name = Release;
		};
		18E2EF402119765F005276A5 /* Debug */ = {
			isa = XCBuildConfiguration;
			baseConfigurationReference = 47C29C87DEEFD0FBAF282542 /* Pods-PickerViewSaiUITests.debug.xcconfig */;
			buildSettings = {
				ALWAYS_EMBED_SWIFT_STANDARD_LIBRARIES = YES;
				CODE_SIGN_STYLE = Automatic;
				INFOPLIST_FILE = PickerViewSaiUITests/Info.plist;
				LD_RUNPATH_SEARCH_PATHS = "$(inherited) @executable_path/Frameworks @loader_path/Frameworks";
				PRODUCT_BUNDLE_IDENTIFIER = com.valuelabs.PickerViewSaiUITests;
				PRODUCT_NAME = "$(TARGET_NAME)";
				SWIFT_VERSION = 4.0;
				TARGETED_DEVICE_FAMILY = "1,2";
				TEST_TARGET_NAME = PickerViewSai;
			};
			name = Debug;
		};
		18E2EF412119765F005276A5 /* Release */ = {
			isa = XCBuildConfiguration;
			baseConfigurationReference = 234482FE6EB82C366B1A8CE3 /* Pods-PickerViewSaiUITests.release.xcconfig */;
			buildSettings = {
				ALWAYS_EMBED_SWIFT_STANDARD_LIBRARIES = YES;
				CODE_SIGN_STYLE = Automatic;
				INFOPLIST_FILE = PickerViewSaiUITests/Info.plist;
				LD_RUNPATH_SEARCH_PATHS = "$(inherited) @executable_path/Frameworks @loader_path/Frameworks";
				PRODUCT_BUNDLE_IDENTIFIER = com.valuelabs.PickerViewSaiUITests;
				PRODUCT_NAME = "$(TARGET_NAME)";
				SWIFT_VERSION = 4.0;
				TARGETED_DEVICE_FAMILY = "1,2";
				TEST_TARGET_NAME = PickerViewSai;
			};
			name = Release;
		};
/* End XCBuildConfiguration section */

/* Begin XCConfigurationList section */
		18E2EF0C21197658005276A5 /* Build configuration list for PBXProject "PickerViewSai" */ = {
			isa = XCConfigurationList;
			buildConfigurations = (
				18E2EF372119765F005276A5 /* Debug */,
				18E2EF382119765F005276A5 /* Release */,
			);
			defaultConfigurationIsVisible = 0;
			defaultConfigurationName = Release;
		};
		18E2EF392119765F005276A5 /* Build configuration list for PBXNativeTarget "PickerViewSai" */ = {
			isa = XCConfigurationList;
			buildConfigurations = (
				18E2EF3A2119765F005276A5 /* Debug */,
				18E2EF3B2119765F005276A5 /* Release */,
			);
			defaultConfigurationIsVisible = 0;
			defaultConfigurationName = Release;
		};
		18E2EF3C2119765F005276A5 /* Build configuration list for PBXNativeTarget "PickerViewSaiTests" */ = {
			isa = XCConfigurationList;
			buildConfigurations = (
				18E2EF3D2119765F005276A5 /* Debug */,
				18E2EF3E2119765F005276A5 /* Release */,
			);
			defaultConfigurationIsVisible = 0;
			defaultConfigurationName = Release;
		};
		18E2EF3F2119765F005276A5 /* Build configuration list for PBXNativeTarget "PickerViewSaiUITests" */ = {
			isa = XCConfigurationList;
			buildConfigurations = (
				18E2EF402119765F005276A5 /* Debug */,
				18E2EF412119765F005276A5 /* Release */,
			);
			defaultConfigurationIsVisible = 0;
			defaultConfigurationName = Release;
		};
/* End XCConfigurationList section */
	};
	rootObject = 18E2EF0921197658005276A5 /* Project object */;
}
